<?xml version="1.0" encoding="utf-8"?>
<Project ToolsVersion="4.0" xmlns="http://schemas.microsoft.com/developer/msbuild/2003">
  <ItemGroup>
    <Filter Include="Headers">
      <UniqueIdentifier>{e131bc17-63d8-4f41-8bd0-5375f08c2e0d}</UniqueIdentifier>
    </Filter>
    <Filter Include="Sources">
      <UniqueIdentifier>{6e126c99-47f9-4de5-ad51-fe41dae1f158}</UniqueIdentifier>
    </Filter>
  </ItemGroup>
  <ItemGroup>
    <ClCompile Include="Client.cpp">
      <Filter>Sources</Filter>
    </ClCompile>
    <ClCompile Include="Command.cpp">
      <Filter>Sources</Filter>
    </ClCompile>
    <ClCompile Include="Communication.cpp">
      <Filter>Sources</Filter>
    </ClCompile>
    <ClCompile Include="Connection.cpp">
      <Filter>Sources</Filter>
    </ClCompile>
    <ClCompile Include="Data.cpp">
      <Filter>Sources</Filter>
    </ClCompile>
    <ClCompile Include="InternalComm.cpp">
      <Filter>Sources</Filter>
    </ClCompile>
    <ClCompile Include="NetworkData.cpp">
      <Filter>Sources</Filter>
    </ClCompile>
    <ClCompile Include="NetworkObject.cpp">
      <Filter>Sources</Filter>
    </ClCompile>
    <ClCompile Include="Server.cpp">
      <Filter>Sources</Filter>
    </ClCompile>
    <ClCompile Include="NetworkStruct.cpp">
      <Filter>Sources</Filter>
    </ClCompile>
    <ClCompile Include="UdpHandler.cpp">
      <Filter>Sources</Filter>
    </ClCompile>
    <ClCompile Include="stdafx.cpp">
      <Filter>Sources</Filter>
    </ClCompile>
  </ItemGroup>
  <ItemGroup>
    <ClInclude Include="Client.h">
      <Filter>Headers</Filter>
    </ClInclude>
    <ClInclude Include="ClientStat.h">
      <Filter>Headers</Filter>
    </ClInclude>
    <ClInclude Include="Command.h">
      <Filter>Headers</Filter>
    </ClInclude>
    <ClInclude Include="Communication.h">
      <Filter>Headers</Filter>
    </ClInclude>
    <ClInclude Include="Connection.h">
      <Filter>Headers</Filter>
    </ClInclude>
    <ClInclude Include="Data.h">
      <Filter>Headers</Filter>
    </ClInclude>
    <ClInclude Include="InfoServer.h">
      <Filter>Headers</Filter>
    </ClInclude>
    <ClInclude Include="InternalComm.h">
      <Filter>Headers</Filter>
    </ClInclude>
    <ClInclude Include="NetworkData.h">
      <Filter>Headers</Filter>
    </ClInclude>
    <ClInclude Include="NetworkEnums.h">
      <Filter>Headers</Filter>
    </ClInclude>
    <ClInclude Include="NetworkObject.h">
      <Filter>Headers</Filter>
    </ClInclude>
    <ClInclude Include="Server.h">
      <Filter>Headers</Filter>
    </ClInclude>
    <ClInclude Include="NetworkLibrary.h">
      <Filter>Headers</Filter>
    </ClInclude>
    <ClInclude Include="NetworkStruct.h">
      <Filter>Headers</Filter>
    </ClInclude>
    <ClInclude Include="UdpHandler.h">
      <Filter>Headers</Filter>
    </ClInclude>
    <ClInclude Include="stdafx.h">
      <Filter>Headers</Filter>
    </ClInclude>
  </ItemGroup>
</Project>