<?xml version="1.0" encoding="utf-8"?>
<Project ToolsVersion="4.0" xmlns="http://schemas.microsoft.com/developer/msbuild/2003">
  <ItemGroup>
    <Filter Include="Net librairy">
      <UniqueIdentifier>{5383ef6e-748a-4a55-a749-f4ce35281614}</UniqueIdentifier>
    </Filter>
    <Filter Include="Exemple">
      <UniqueIdentifier>{dd1f91cf-520c-4aaf-a606-ab557c3d9cca}</UniqueIdentifier>
    </Filter>
    <Filter Include="Net librairy\Headers">
      <UniqueIdentifier>{693bb7b8-fc7f-48bc-bbf8-79301bd1a74c}</UniqueIdentifier>
    </Filter>
    <Filter Include="Net librairy\Sources">
      <UniqueIdentifier>{fc3fc3a2-697c-4970-bed5-0ecccabb87e0}</UniqueIdentifier>
    </Filter>
    <Filter Include="Exemple\Headers">
      <UniqueIdentifier>{872ee33c-ede5-4c0a-9e53-5966575e5f6f}</UniqueIdentifier>
    </Filter>
    <Filter Include="Exemple\Sources">
      <UniqueIdentifier>{f31f5f60-e8e3-47bc-a3ee-7f70f75d2866}</UniqueIdentifier>
    </Filter>
  </ItemGroup>
  <ItemGroup>
    <ClCompile Include="Client.cpp">
      <Filter>Net librairy\Sources</Filter>
    </ClCompile>
    <ClCompile Include="ClientStat.cpp">
      <Filter>Net librairy\Sources</Filter>
    </ClCompile>
    <ClCompile Include="Command.cpp">
      <Filter>Net librairy\Sources</Filter>
    </ClCompile>
    <ClCompile Include="Communication.cpp">
      <Filter>Net librairy\Sources</Filter>
    </ClCompile>
    <ClCompile Include="Data.cpp">
      <Filter>Net librairy\Sources</Filter>
    </ClCompile>
    <ClCompile Include="InfoServer.cpp">
      <Filter>Net librairy\Sources</Filter>
    </ClCompile>
    <ClCompile Include="InternalComm.cpp">
      <Filter>Net librairy\Sources</Filter>
    </ClCompile>
    <ClCompile Include="NetworkData.cpp">
      <Filter>Net librairy\Sources</Filter>
    </ClCompile>
    <ClCompile Include="NetworkObject.cpp">
      <Filter>Net librairy\Sources</Filter>
    </ClCompile>
    <ClCompile Include="Server.cpp">
      <Filter>Net librairy\Sources</Filter>
    </ClCompile>
    <ClCompile Include="main.cpp">
      <Filter>Exemple\Sources</Filter>
    </ClCompile>
    <ClCompile Include="PlayerObject.cpp">
      <Filter>Exemple\Sources</Filter>
    </ClCompile>
    <ClCompile Include="DisplayForTest.cpp">
      <Filter>Exemple\Sources</Filter>
    </ClCompile>
    <ClCompile Include="Connection.cpp">
      <Filter>Net librairy\Sources</Filter>
    </ClCompile>
  </ItemGroup>
  <ItemGroup>
    <ClInclude Include="Client.h">
      <Filter>Net librairy\Headers</Filter>
    </ClInclude>
    <ClInclude Include="ClientStat.h">
      <Filter>Net librairy\Headers</Filter>
    </ClInclude>
    <ClInclude Include="Command.h">
      <Filter>Net librairy\Headers</Filter>
    </ClInclude>
    <ClInclude Include="Communication.h">
      <Filter>Net librairy\Headers</Filter>
    </ClInclude>
    <ClInclude Include="Data.h">
      <Filter>Net librairy\Headers</Filter>
    </ClInclude>
    <ClInclude Include="InfoServer.h">
      <Filter>Net librairy\Headers</Filter>
    </ClInclude>
    <ClInclude Include="InternalComm.h">
      <Filter>Net librairy\Headers</Filter>
    </ClInclude>
    <ClInclude Include="NetworkData.h">
      <Filter>Net librairy\Headers</Filter>
    </ClInclude>
    <ClInclude Include="NetworkEnums.h">
      <Filter>Net librairy\Headers</Filter>
    </ClInclude>
    <ClInclude Include="NetworkObject.h">
      <Filter>Net librairy\Headers</Filter>
    </ClInclude>
    <ClInclude Include="Server.h">
      <Filter>Net librairy\Headers</Filter>
    </ClInclude>
    <ClInclude Include="StaticHeader.h">
      <Filter>Net librairy\Headers</Filter>
    </ClInclude>
    <ClInclude Include="DisplayForTest.h">
      <Filter>Exemple\Headers</Filter>
    </ClInclude>
    <ClInclude Include="PlayerObject.h">
      <Filter>Exemple\Headers</Filter>
    </ClInclude>
    <ClInclude Include="NetworkLibrairy.h">
      <Filter>Net librairy\Headers</Filter>
    </ClInclude>
    <ClInclude Include="Connection.h">
      <Filter>Net librairy\Headers</Filter>
    </ClInclude>
  </ItemGroup>
  <ItemGroup>
    <Text Include="ReadMe.txt" />
  </ItemGroup>
</Project>