<?xml version="1.0" encoding="utf-8"?>
<Project ToolsVersion="4.0" xmlns="http://schemas.microsoft.com/developer/msbuild/2003">
  <ItemGroup>
    <Filter Include="Headers">
      <UniqueIdentifier>{e131bc17-63d8-4f41-8bd0-5375f08c2e0d}</UniqueIdentifier>
    </Filter>
    <Filter Include="Sources">
      <UniqueIdentifier>{6e126c99-47f9-4de5-ad51-fe41dae1f158}</UniqueIdentifier>
    </Filter>
    <Filter Include="Exemples">
      <UniqueIdentifier>{3e017fb4-9102-4cc6-a8f6-94e284821cf4}</UniqueIdentifier>
    </Filter>
    <Filter Include="Exemples\Headers">
      <UniqueIdentifier>{43c8370d-01ba-4bb3-b3f4-cbc971fc7db4}</UniqueIdentifier>
    </Filter>
    <Filter Include="Exemples\Sources">
      <UniqueIdentifier>{958bced3-0013-4ad9-aea4-129b0079547f}</UniqueIdentifier>
    </Filter>
  </ItemGroup>
  <ItemGroup>
    <ClCompile Include="Client.cpp">
      <Filter>Sources</Filter>
    </ClCompile>
    <ClCompile Include="Command.cpp">
      <Filter>Sources</Filter>
    </ClCompile>
    <ClCompile Include="Communication.cpp">
      <Filter>Sources</Filter>
    </ClCompile>
    <ClCompile Include="Connection.cpp">
      <Filter>Sources</Filter>
    </ClCompile>
    <ClCompile Include="Data.cpp">
      <Filter>Sources</Filter>
    </ClCompile>
    <ClCompile Include="InternalComm.cpp">
      <Filter>Sources</Filter>
    </ClCompile>
    <ClCompile Include="NetworkData.cpp">
      <Filter>Sources</Filter>
    </ClCompile>
    <ClCompile Include="NetworkObject.cpp">
      <Filter>Sources</Filter>
    </ClCompile>
    <ClCompile Include="Server.cpp">
      <Filter>Sources</Filter>
    </ClCompile>
    <ClCompile Include="PlayerObject.cpp">
      <Filter>Exemples\Sources</Filter>
    </ClCompile>
    <ClCompile Include="main.cpp">
      <Filter>Exemples\Sources</Filter>
    </ClCompile>
    <ClCompile Include="ExampleCore.cpp">
      <Filter>Exemples\Sources</Filter>
    </ClCompile>
    <ClCompile Include="NetworkStruct.cpp">
      <Filter>Sources</Filter>
    </ClCompile>
    <ClCompile Include="UdpHandler.cpp">
      <Filter>Sources</Filter>
    </ClCompile>
  </ItemGroup>
  <ItemGroup>
    <ClInclude Include="Client.h">
      <Filter>Headers</Filter>
    </ClInclude>
    <ClInclude Include="ClientStat.h">
      <Filter>Headers</Filter>
    </ClInclude>
    <ClInclude Include="Command.h">
      <Filter>Headers</Filter>
    </ClInclude>
    <ClInclude Include="Communication.h">
      <Filter>Headers</Filter>
    </ClInclude>
    <ClInclude Include="Connection.h">
      <Filter>Headers</Filter>
    </ClInclude>
    <ClInclude Include="Data.h">
      <Filter>Headers</Filter>
    </ClInclude>
    <ClInclude Include="InfoServer.h">
      <Filter>Headers</Filter>
    </ClInclude>
    <ClInclude Include="InternalComm.h">
      <Filter>Headers</Filter>
    </ClInclude>
    <ClInclude Include="NetworkData.h">
      <Filter>Headers</Filter>
    </ClInclude>
    <ClInclude Include="NetworkEnums.h">
      <Filter>Headers</Filter>
    </ClInclude>
    <ClInclude Include="NetworkObject.h">
      <Filter>Headers</Filter>
    </ClInclude>
    <ClInclude Include="Server.h">
      <Filter>Headers</Filter>
    </ClInclude>
    <ClInclude Include="StaticHeader.h">
      <Filter>Headers</Filter>
    </ClInclude>
    <ClInclude Include="PlayerObject.h">
      <Filter>Exemples\Headers</Filter>
    </ClInclude>
    <ClInclude Include="NetworkLibrary.h">
      <Filter>Headers</Filter>
    </ClInclude>
    <ClInclude Include="ExampleCore.h">
      <Filter>Exemples\Headers</Filter>
    </ClInclude>
    <ClInclude Include="NetworkStruct.h">
      <Filter>Headers</Filter>
    </ClInclude>
    <ClInclude Include="UdpHandler.h">
      <Filter>Headers</Filter>
    </ClInclude>
  </ItemGroup>
</Project>